// !$*UTF8*$!
{
	archiveVersion = 1;
	classes = {
	};
	objectVersion = 46;
	objects = {

/* Begin PBXBuildFile section */
		A90EEC981E764F8E00604C8D /* WebKit+Fix.m in Sources */ = {isa = PBXBuildFile; fileRef = A90EEC971E764F8E00604C8D /* WebKit+Fix.m */; };
		A918A95A1E74F06B00496283 /* ylchun.jpg in Resources */ = {isa = PBXBuildFile; fileRef = A918A9591E74F06B00496283 /* ylchun.jpg */; };
		A918A95C1E7527BD00496283 /* WKWebView 那些坑.htm in Resources */ = {isa = PBXBuildFile; fileRef = A918A95B1E7527BD00496283 /* WKWebView 那些坑.htm */; };
		A944584C1E794656004BF475 /* JSExportModel.m in Sources */ = {isa = PBXBuildFile; fileRef = A94458491E794656004BF475 /* JSExportModel.m */; };
		A944584D1E794656004BF475 /* JSExportModelManager.m in Sources */ = {isa = PBXBuildFile; fileRef = A944584B1E794656004BF475 /* JSExportModelManager.m */; };
		A96485DD1E714BDA00EBC7BF /* ToolViewController.m in Sources */ = {isa = PBXBuildFile; fileRef = A96485D61E714BDA00EBC7BF /* ToolViewController.m */; };
		A96485EC1E71543D00EBC7BF /* ToolItem.m in Sources */ = {isa = PBXBuildFile; fileRef = A96485E01E71543D00EBC7BF /* ToolItem.m */; };
		A96485ED1E71543D00EBC7BF /* ToolSectionItem.m in Sources */ = {isa = PBXBuildFile; fileRef = A96485E21E71543D00EBC7BF /* ToolSectionItem.m */; };
		A96485EE1E71543D00EBC7BF /* ToolItemView.m in Sources */ = {isa = PBXBuildFile; fileRef = A96485E51E71543D00EBC7BF /* ToolItemView.m */; };
		A96485EF1E71543D00EBC7BF /* ToolPanelView.m in Sources */ = {isa = PBXBuildFile; fileRef = A96485E71E71543D00EBC7BF /* ToolPanelView.m */; };
		A96485F01E71543D00EBC7BF /* ToolSectionHeaderView.m in Sources */ = {isa = PBXBuildFile; fileRef = A96485E91E71543D00EBC7BF /* ToolSectionHeaderView.m */; };
		A96485F11E71543D00EBC7BF /* ToolSectionView.m in Sources */ = {isa = PBXBuildFile; fileRef = A96485EB1E71543D00EBC7BF /* ToolSectionView.m */; };
		A97C2BBD1E6D67AE00A3D150 /* main.m in Sources */ = {isa = PBXBuildFile; fileRef = A97C2BBC1E6D67AE00A3D150 /* main.m */; };
		A97C2BC01E6D67AE00A3D150 /* AppDelegate.m in Sources */ = {isa = PBXBuildFile; fileRef = A97C2BBF1E6D67AE00A3D150 /* AppDelegate.m */; };
		A97C2BC31E6D67AE00A3D150 /* ViewController.m in Sources */ = {isa = PBXBuildFile; fileRef = A97C2BC21E6D67AE00A3D150 /* ViewController.m */; };
		A97C2BC61E6D67AE00A3D150 /* Main.storyboard in Resources */ = {isa = PBXBuildFile; fileRef = A97C2BC41E6D67AE00A3D150 /* Main.storyboard */; };
		A97C2BC81E6D67AE00A3D150 /* Assets.xcassets in Resources */ = {isa = PBXBuildFile; fileRef = A97C2BC71E6D67AE00A3D150 /* Assets.xcassets */; };
		A97C2BCB1E6D67AE00A3D150 /* LaunchScreen.storyboard in Resources */ = {isa = PBXBuildFile; fileRef = A97C2BC91E6D67AE00A3D150 /* LaunchScreen.storyboard */; };
		A97C2BD91E6D67CC00A3D150 /* ScriptMessageManager.m in Sources */ = {isa = PBXBuildFile; fileRef = A97C2BD41E6D67CC00A3D150 /* ScriptMessageManager.m */; };
		A97C2BDA1E6D67CC00A3D150 /* WKWebView+EvaluatingJavaScript.m in Sources */ = {isa = PBXBuildFile; fileRef = A97C2BD61E6D67CC00A3D150 /* WKWebView+EvaluatingJavaScript.m */; };
		A97C2BDB1E6D67CC00A3D150 /* WKWebViewController.m in Sources */ = {isa = PBXBuildFile; fileRef = A97C2BD81E6D67CC00A3D150 /* WKWebViewController.m */; };
		A97C2BEC1E6D684F00A3D150 /* index.html in Resources */ = {isa = PBXBuildFile; fileRef = A97C2BE91E6D684F00A3D150 /* index.html */; };
		A9BDE2A71E7788620068E1D1 /* UIApplication+UIOrientation.m in Sources */ = {isa = PBXBuildFile; fileRef = A9BDE2A61E7788620068E1D1 /* UIApplication+UIOrientation.m */; };
		A9BDE2C11E78036A0068E1D1 /* OCModel.m in Sources */ = {isa = PBXBuildFile; fileRef = A9BDE2C01E78036A0068E1D1 /* OCModel.m */; };
		A9D2A1581E7286F00007A981 /* EvaluatingJavaScript.m in Sources */ = {isa = PBXBuildFile; fileRef = A9D2A1511E7286F00007A981 /* EvaluatingJavaScript.m */; };
		A9D2A1591E7286F00007A981 /* ScriptMessageHandler.m in Sources */ = {isa = PBXBuildFile; fileRef = A9D2A1531E7286F00007A981 /* ScriptMessageHandler.m */; };
		A9D2A15A1E7286F00007A981 /* WebBarView.m in Sources */ = {isa = PBXBuildFile; fileRef = A9D2A1551E7286F00007A981 /* WebBarView.m */; };
		A9D2A15B1E7286F00007A981 /* WebProcessPlant.m in Sources */ = {isa = PBXBuildFile; fileRef = A9D2A1571E7286F00007A981 /* WebProcessPlant.m */; };
		A9D2A15F1E72874B0007A981 /* UIBarButtonItem+Back.m in Sources */ = {isa = PBXBuildFile; fileRef = A9D2A15E1E72874B0007A981 /* UIBarButtonItem+Back.m */; };
		A9D2A1651E72876F0007A981 /* WebViewController.m in Sources */ = {isa = PBXBuildFile; fileRef = A9D2A1621E72876F0007A981 /* WebViewController.m */; };
		A9D2A1661E72876F0007A981 /* WebToolViewController.m in Sources */ = {isa = PBXBuildFile; fileRef = A9D2A1641E72876F0007A981 /* WebToolViewController.m */; };
/* End PBXBuildFile section */

/* Begin PBXFileReference section */
		A90EEC961E764F8E00604C8D /* WebKit+Fix.h */ = {isa = PBXFileReference; fileEncoding = 4; lastKnownFileType = sourcecode.c.h; path = "WebKit+Fix.h"; sourceTree = "<group>"; };
		A90EEC971E764F8E00604C8D /* WebKit+Fix.m */ = {isa = PBXFileReference; fileEncoding = 4; lastKnownFileType = sourcecode.c.objc; path = "WebKit+Fix.m"; sourceTree = "<group>"; };
		A918A9591E74F06B00496283 /* ylchun.jpg */ = {isa = PBXFileReference; lastKnownFileType = image.jpeg; path = ylchun.jpg; sourceTree = "<group>"; };
		A918A95B1E7527BD00496283 /* WKWebView 那些坑.htm */ = {isa = PBXFileReference; fileEncoding = 4; lastKnownFileType = text.html; path = "WKWebView 那些坑.htm"; sourceTree = "<group>"; };
		A94458471E794656004BF475 /* JSExport.h */ = {isa = PBXFileReference; fileEncoding = 4; lastKnownFileType = sourcecode.c.h; path = JSExport.h; sourceTree = "<group>"; };
		A94458481E794656004BF475 /* JSExportModel.h */ = {isa = PBXFileReference; fileEncoding = 4; lastKnownFileType = sourcecode.c.h; path = JSExportModel.h; sourceTree = "<group>"; };
		A94458491E794656004BF475 /* JSExportModel.m */ = {isa = PBXFileReference; fileEncoding = 4; lastKnownFileType = sourcecode.c.objc; path = JSExportModel.m; sourceTree = "<group>"; };
		A944584A1E794656004BF475 /* JSExportModelManager.h */ = {isa = PBXFileReference; fileEncoding = 4; lastKnownFileType = sourcecode.c.h; path = JSExportModelManager.h; sourceTree = "<group>"; };
		A944584B1E794656004BF475 /* JSExportModelManager.m */ = {isa = PBXFileReference; fileEncoding = 4; lastKnownFileType = sourcecode.c.objc; path = JSExportModelManager.m; sourceTree = "<group>"; };
		A96485D51E714BDA00EBC7BF /* ToolViewController.h */ = {isa = PBXFileReference; fileEncoding = 4; lastKnownFileType = sourcecode.c.h; path = ToolViewController.h; sourceTree = "<group>"; };
		A96485D61E714BDA00EBC7BF /* ToolViewController.m */ = {isa = PBXFileReference; fileEncoding = 4; lastKnownFileType = sourcecode.c.objc; path = ToolViewController.m; sourceTree = "<group>"; };
		A96485DF1E71543D00EBC7BF /* ToolItem.h */ = {isa = PBXFileReference; fileEncoding = 4; lastKnownFileType = sourcecode.c.h; path = ToolItem.h; sourceTree = "<group>"; };
		A96485E01E71543D00EBC7BF /* ToolItem.m */ = {isa = PBXFileReference; fileEncoding = 4; lastKnownFileType = sourcecode.c.objc; path = ToolItem.m; sourceTree = "<group>"; };
		A96485E11E71543D00EBC7BF /* ToolSectionItem.h */ = {isa = PBXFileReference; fileEncoding = 4; lastKnownFileType = sourcecode.c.h; path = ToolSectionItem.h; sourceTree = "<group>"; };
		A96485E21E71543D00EBC7BF /* ToolSectionItem.m */ = {isa = PBXFileReference; fileEncoding = 4; lastKnownFileType = sourcecode.c.objc; path = ToolSectionItem.m; sourceTree = "<group>"; };
		A96485E41E71543D00EBC7BF /* ToolItemView.h */ = {isa = PBXFileReference; fileEncoding = 4; lastKnownFileType = sourcecode.c.h; path = ToolItemView.h; sourceTree = "<group>"; };
		A96485E51E71543D00EBC7BF /* ToolItemView.m */ = {isa = PBXFileReference; fileEncoding = 4; lastKnownFileType = sourcecode.c.objc; path = ToolItemView.m; sourceTree = "<group>"; };
		A96485E61E71543D00EBC7BF /* ToolPanelView.h */ = {isa = PBXFileReference; fileEncoding = 4; lastKnownFileType = sourcecode.c.h; path = ToolPanelView.h; sourceTree = "<group>"; };
		A96485E71E71543D00EBC7BF /* ToolPanelView.m */ = {isa = PBXFileReference; fileEncoding = 4; lastKnownFileType = sourcecode.c.objc; path = ToolPanelView.m; sourceTree = "<group>"; };
		A96485E81E71543D00EBC7BF /* ToolSectionHeaderView.h */ = {isa = PBXFileReference; fileEncoding = 4; lastKnownFileType = sourcecode.c.h; path = ToolSectionHeaderView.h; sourceTree = "<group>"; };
		A96485E91E71543D00EBC7BF /* ToolSectionHeaderView.m */ = {isa = PBXFileReference; fileEncoding = 4; lastKnownFileType = sourcecode.c.objc; path = ToolSectionHeaderView.m; sourceTree = "<group>"; };
		A96485EA1E71543D00EBC7BF /* ToolSectionView.h */ = {isa = PBXFileReference; fileEncoding = 4; lastKnownFileType = sourcecode.c.h; path = ToolSectionView.h; sourceTree = "<group>"; };
		A96485EB1E71543D00EBC7BF /* ToolSectionView.m */ = {isa = PBXFileReference; fileEncoding = 4; lastKnownFileType = sourcecode.c.objc; path = ToolSectionView.m; sourceTree = "<group>"; };
		A97C2BB81E6D67AE00A3D150 /* WKWebViewConteoller.app */ = {isa = PBXFileReference; explicitFileType = wrapper.application; includeInIndex = 0; path = WKWebViewConteoller.app; sourceTree = BUILT_PRODUCTS_DIR; };
		A97C2BBC1E6D67AE00A3D150 /* main.m */ = {isa = PBXFileReference; lastKnownFileType = sourcecode.c.objc; path = main.m; sourceTree = "<group>"; };
		A97C2BBE1E6D67AE00A3D150 /* AppDelegate.h */ = {isa = PBXFileReference; lastKnownFileType = sourcecode.c.h; path = AppDelegate.h; sourceTree = "<group>"; };
		A97C2BBF1E6D67AE00A3D150 /* AppDelegate.m */ = {isa = PBXFileReference; lastKnownFileType = sourcecode.c.objc; path = AppDelegate.m; sourceTree = "<group>"; };
		A97C2BC11E6D67AE00A3D150 /* ViewController.h */ = {isa = PBXFileReference; lastKnownFileType = sourcecode.c.h; path = ViewController.h; sourceTree = "<group>"; };
		A97C2BC21E6D67AE00A3D150 /* ViewController.m */ = {isa = PBXFileReference; lastKnownFileType = sourcecode.c.objc; path = ViewController.m; sourceTree = "<group>"; };
		A97C2BC51E6D67AE00A3D150 /* Base */ = {isa = PBXFileReference; lastKnownFileType = file.storyboard; name = Base; path = Base.lproj/Main.storyboard; sourceTree = "<group>"; };
		A97C2BC71E6D67AE00A3D150 /* Assets.xcassets */ = {isa = PBXFileReference; lastKnownFileType = folder.assetcatalog; path = Assets.xcassets; sourceTree = "<group>"; };
		A97C2BCA1E6D67AE00A3D150 /* Base */ = {isa = PBXFileReference; lastKnownFileType = file.storyboard; name = Base; path = Base.lproj/LaunchScreen.storyboard; sourceTree = "<group>"; };
		A97C2BCC1E6D67AE00A3D150 /* Info.plist */ = {isa = PBXFileReference; lastKnownFileType = text.plist.xml; path = Info.plist; sourceTree = "<group>"; };
		A97C2BD31E6D67CC00A3D150 /* ScriptMessageManager.h */ = {isa = PBXFileReference; fileEncoding = 4; lastKnownFileType = sourcecode.c.h; path = ScriptMessageManager.h; sourceTree = "<group>"; };
		A97C2BD41E6D67CC00A3D150 /* ScriptMessageManager.m */ = {isa = PBXFileReference; fileEncoding = 4; lastKnownFileType = sourcecode.c.objc; path = ScriptMessageManager.m; sourceTree = "<group>"; };
		A97C2BD51E6D67CC00A3D150 /* WKWebView+EvaluatingJavaScript.h */ = {isa = PBXFileReference; fileEncoding = 4; lastKnownFileType = sourcecode.c.h; path = "WKWebView+EvaluatingJavaScript.h"; sourceTree = "<group>"; };
		A97C2BD61E6D67CC00A3D150 /* WKWebView+EvaluatingJavaScript.m */ = {isa = PBXFileReference; fileEncoding = 4; lastKnownFileType = sourcecode.c.objc; path = "WKWebView+EvaluatingJavaScript.m"; sourceTree = "<group>"; };
		A97C2BD71E6D67CC00A3D150 /* WKWebViewController.h */ = {isa = PBXFileReference; fileEncoding = 4; lastKnownFileType = sourcecode.c.h; path = WKWebViewController.h; sourceTree = "<group>"; };
		A97C2BD81E6D67CC00A3D150 /* WKWebViewController.m */ = {isa = PBXFileReference; fileEncoding = 4; lastKnownFileType = sourcecode.c.objc; path = WKWebViewController.m; sourceTree = "<group>"; };
		A97C2BE91E6D684F00A3D150 /* index.html */ = {isa = PBXFileReference; fileEncoding = 4; lastKnownFileType = text.html; path = index.html; sourceTree = "<group>"; };
		A9BDE2A51E7788620068E1D1 /* UIApplication+UIOrientation.h */ = {isa = PBXFileReference; fileEncoding = 4; lastKnownFileType = sourcecode.c.h; path = "UIApplication+UIOrientation.h"; sourceTree = "<group>"; };
		A9BDE2A61E7788620068E1D1 /* UIApplication+UIOrientation.m */ = {isa = PBXFileReference; fileEncoding = 4; lastKnownFileType = sourcecode.c.objc; path = "UIApplication+UIOrientation.m"; sourceTree = "<group>"; };
		A9BDE2BF1E78036A0068E1D1 /* OCModel.h */ = {isa = PBXFileReference; fileEncoding = 4; lastKnownFileType = sourcecode.c.h; path = OCModel.h; sourceTree = "<group>"; };
		A9BDE2C01E78036A0068E1D1 /* OCModel.m */ = {isa = PBXFileReference; fileEncoding = 4; lastKnownFileType = sourcecode.c.objc; path = OCModel.m; sourceTree = "<group>"; };
		A9D2A1501E7286F00007A981 /* EvaluatingJavaScript.h */ = {isa = PBXFileReference; fileEncoding = 4; lastKnownFileType = sourcecode.c.h; path = EvaluatingJavaScript.h; sourceTree = "<group>"; };
		A9D2A1511E7286F00007A981 /* EvaluatingJavaScript.m */ = {isa = PBXFileReference; fileEncoding = 4; lastKnownFileType = sourcecode.c.objc; path = EvaluatingJavaScript.m; sourceTree = "<group>"; };
		A9D2A1521E7286F00007A981 /* ScriptMessageHandler.h */ = {isa = PBXFileReference; fileEncoding = 4; lastKnownFileType = sourcecode.c.h; path = ScriptMessageHandler.h; sourceTree = "<group>"; };
		A9D2A1531E7286F00007A981 /* ScriptMessageHandler.m */ = {isa = PBXFileReference; fileEncoding = 4; lastKnownFileType = sourcecode.c.objc; path = ScriptMessageHandler.m; sourceTree = "<group>"; };
		A9D2A1541E7286F00007A981 /* WebBarView.h */ = {isa = PBXFileReference; fileEncoding = 4; lastKnownFileType = sourcecode.c.h; path = WebBarView.h; sourceTree = "<group>"; };
		A9D2A1551E7286F00007A981 /* WebBarView.m */ = {isa = PBXFileReference; fileEncoding = 4; lastKnownFileType = sourcecode.c.objc; path = WebBarView.m; sourceTree = "<group>"; };
		A9D2A1561E7286F00007A981 /* WebProcessPlant.h */ = {isa = PBXFileReference; fileEncoding = 4; lastKnownFileType = sourcecode.c.h; path = WebProcessPlant.h; sourceTree = "<group>"; };
		A9D2A1571E7286F00007A981 /* WebProcessPlant.m */ = {isa = PBXFileReference; fileEncoding = 4; lastKnownFileType = sourcecode.c.objc; path = WebProcessPlant.m; sourceTree = "<group>"; };
		A9D2A15D1E72874B0007A981 /* UIBarButtonItem+Back.h */ = {isa = PBXFileReference; fileEncoding = 4; lastKnownFileType = sourcecode.c.h; path = "UIBarButtonItem+Back.h"; sourceTree = "<group>"; };
		A9D2A15E1E72874B0007A981 /* UIBarButtonItem+Back.m */ = {isa = PBXFileReference; fileEncoding = 4; lastKnownFileType = sourcecode.c.objc; path = "UIBarButtonItem+Back.m"; sourceTree = "<group>"; };
		A9D2A1611E72876F0007A981 /* WebViewController.h */ = {isa = PBXFileReference; fileEncoding = 4; lastKnownFileType = sourcecode.c.h; path = WebViewController.h; sourceTree = "<group>"; };
		A9D2A1621E72876F0007A981 /* WebViewController.m */ = {isa = PBXFileReference; fileEncoding = 4; lastKnownFileType = sourcecode.c.objc; path = WebViewController.m; sourceTree = "<group>"; };
		A9D2A1631E72876F0007A981 /* WebToolViewController.h */ = {isa = PBXFileReference; fileEncoding = 4; lastKnownFileType = sourcecode.c.h; path = WebToolViewController.h; sourceTree = "<group>"; };
		A9D2A1641E72876F0007A981 /* WebToolViewController.m */ = {isa = PBXFileReference; fileEncoding = 4; lastKnownFileType = sourcecode.c.objc; path = WebToolViewController.m; sourceTree = "<group>"; };
/* End PBXFileReference section */

/* Begin PBXFrameworksBuildPhase section */
		A97C2BB51E6D67AE00A3D150 /* Frameworks */ = {
			isa = PBXFrameworksBuildPhase;
			buildActionMask = 2147483647;
			files = (
			);
			runOnlyForDeploymentPostprocessing = 0;
		};
/* End PBXFrameworksBuildPhase section */

/* Begin PBXGroup section */
		A94458461E794656004BF475 /* JSExport */ = {
			isa = PBXGroup;
			children = (
				A94458471E794656004BF475 /* JSExport.h */,
				A94458481E794656004BF475 /* JSExportModel.h */,
				A94458491E794656004BF475 /* JSExportModel.m */,
				A944584A1E794656004BF475 /* JSExportModelManager.h */,
				A944584B1E794656004BF475 /* JSExportModelManager.m */,
			);
			path = JSExport;
			sourceTree = "<group>";
		};
		A96485C71E714BDA00EBC7BF /* ToolViewController */ = {
			isa = PBXGroup;
			children = (
				A96485C81E714BDA00EBC7BF /* ToolView */,
				A96485D51E714BDA00EBC7BF /* ToolViewController.h */,
				A96485D61E714BDA00EBC7BF /* ToolViewController.m */,
			);
			path = ToolViewController;
			sourceTree = "<group>";
		};
		A96485C81E714BDA00EBC7BF /* ToolView */ = {
			isa = PBXGroup;
			children = (
				A96485DE1E71543D00EBC7BF /* Class */,
				A96485E31E71543D00EBC7BF /* View */,
			);
			path = ToolView;
			sourceTree = "<group>";
		};
		A96485DE1E71543D00EBC7BF /* Class */ = {
			isa = PBXGroup;
			children = (
				A96485DF1E71543D00EBC7BF /* ToolItem.h */,
				A96485E01E71543D00EBC7BF /* ToolItem.m */,
				A96485E11E71543D00EBC7BF /* ToolSectionItem.h */,
				A96485E21E71543D00EBC7BF /* ToolSectionItem.m */,
			);
			path = Class;
			sourceTree = "<group>";
		};
		A96485E31E71543D00EBC7BF /* View */ = {
			isa = PBXGroup;
			children = (
				A96485E41E71543D00EBC7BF /* ToolItemView.h */,
				A96485E51E71543D00EBC7BF /* ToolItemView.m */,
				A96485E61E71543D00EBC7BF /* ToolPanelView.h */,
				A96485E71E71543D00EBC7BF /* ToolPanelView.m */,
				A96485E81E71543D00EBC7BF /* ToolSectionHeaderView.h */,
				A96485E91E71543D00EBC7BF /* ToolSectionHeaderView.m */,
				A96485EA1E71543D00EBC7BF /* ToolSectionView.h */,
				A96485EB1E71543D00EBC7BF /* ToolSectionView.m */,
			);
			path = View;
			sourceTree = "<group>";
		};
		A97C2BAF1E6D67AE00A3D150 = {
			isa = PBXGroup;
			children = (
				A97C2BBA1E6D67AE00A3D150 /* WKWebViewConteoller */,
				A97C2BB91E6D67AE00A3D150 /* Products */,
			);
			sourceTree = "<group>";
		};
		A97C2BB91E6D67AE00A3D150 /* Products */ = {
			isa = PBXGroup;
			children = (
				A97C2BB81E6D67AE00A3D150 /* WKWebViewConteoller.app */,
			);
			name = Products;
			sourceTree = "<group>";
		};
		A97C2BBA1E6D67AE00A3D150 /* WKWebViewConteoller */ = {
			isa = PBXGroup;
			children = (
				A96485C71E714BDA00EBC7BF /* ToolViewController */,
				A97C2BD21E6D67CC00A3D150 /* WKWebViewController */,
				A9D2A15C1E72874B0007A981 /* Category */,
				A97C2BBE1E6D67AE00A3D150 /* AppDelegate.h */,
				A97C2BBF1E6D67AE00A3D150 /* AppDelegate.m */,
				A97C2BC11E6D67AE00A3D150 /* ViewController.h */,
				A97C2BC21E6D67AE00A3D150 /* ViewController.m */,
				A9D2A1601E72876F0007A981 /* WebVC */,
				A97C2BC41E6D67AE00A3D150 /* Main.storyboard */,
				A97C2BC71E6D67AE00A3D150 /* Assets.xcassets */,
				A97C2BC91E6D67AE00A3D150 /* LaunchScreen.storyboard */,
				A97C2BCC1E6D67AE00A3D150 /* Info.plist */,
				A97C2BBB1E6D67AE00A3D150 /* Supporting Files */,
			);
			path = WKWebViewConteoller;
			sourceTree = "<group>";
		};
		A97C2BBB1E6D67AE00A3D150 /* Supporting Files */ = {
			isa = PBXGroup;
			children = (
				A918A95B1E7527BD00496283 /* WKWebView 那些坑.htm */,
				A97C2BE91E6D684F00A3D150 /* index.html */,
				A918A9591E74F06B00496283 /* ylchun.jpg */,
				A97C2BBC1E6D67AE00A3D150 /* main.m */,
			);
			name = "Supporting Files";
			sourceTree = "<group>";
		};
		A97C2BD21E6D67CC00A3D150 /* WKWebViewController */ = {
			isa = PBXGroup;
			children = (
				A94458461E794656004BF475 /* JSExport */,
				A9D2A14F1E7286F00007A981 /* Class */,
				A97C2BD31E6D67CC00A3D150 /* ScriptMessageManager.h */,
				A97C2BD41E6D67CC00A3D150 /* ScriptMessageManager.m */,
				A97C2BD51E6D67CC00A3D150 /* WKWebView+EvaluatingJavaScript.h */,
				A97C2BD61E6D67CC00A3D150 /* WKWebView+EvaluatingJavaScript.m */,
				A97C2BD71E6D67CC00A3D150 /* WKWebViewController.h */,
				A97C2BD81E6D67CC00A3D150 /* WKWebViewController.m */,
			);
			path = WKWebViewController;
			sourceTree = "<group>";
		};
		A9D2A14F1E7286F00007A981 /* Class */ = {
			isa = PBXGroup;
			children = (
				A90EEC961E764F8E00604C8D /* WebKit+Fix.h */,
				A90EEC971E764F8E00604C8D /* WebKit+Fix.m */,
				A9BDE2A51E7788620068E1D1 /* UIApplication+UIOrientation.h */,
				A9BDE2A61E7788620068E1D1 /* UIApplication+UIOrientation.m */,
				A9D2A1501E7286F00007A981 /* EvaluatingJavaScript.h */,
				A9D2A1511E7286F00007A981 /* EvaluatingJavaScript.m */,
				A9D2A1521E7286F00007A981 /* ScriptMessageHandler.h */,
				A9D2A1531E7286F00007A981 /* ScriptMessageHandler.m */,
				A9D2A1541E7286F00007A981 /* WebBarView.h */,
				A9D2A1551E7286F00007A981 /* WebBarView.m */,
				A9D2A1561E7286F00007A981 /* WebProcessPlant.h */,
				A9D2A1571E7286F00007A981 /* WebProcessPlant.m */,
			);
			path = Class;
			sourceTree = "<group>";
		};
		A9D2A15C1E72874B0007A981 /* Category */ = {
			isa = PBXGroup;
			children = (
				A9D2A15D1E72874B0007A981 /* UIBarButtonItem+Back.h */,
				A9D2A15E1E72874B0007A981 /* UIBarButtonItem+Back.m */,
			);
			path = Category;
			sourceTree = "<group>";
		};
		A9D2A1601E72876F0007A981 /* WebVC */ = {
			isa = PBXGroup;
			children = (
				A9BDE2BF1E78036A0068E1D1 /* OCModel.h */,
				A9BDE2C01E78036A0068E1D1 /* OCModel.m */,
				A9D2A1611E72876F0007A981 /* WebViewController.h */,
				A9D2A1621E72876F0007A981 /* WebViewController.m */,
				A9D2A1631E72876F0007A981 /* WebToolViewController.h */,
				A9D2A1641E72876F0007A981 /* WebToolViewController.m */,
			);
			path = WebVC;
			sourceTree = "<group>";
		};
/* End PBXGroup section */

/* Begin PBXNativeTarget section */
		A97C2BB71E6D67AE00A3D150 /* WKWebViewConteoller */ = {
			isa = PBXNativeTarget;
			buildConfigurationList = A97C2BCF1E6D67AE00A3D150 /* Build configuration list for PBXNativeTarget "WKWebViewConteoller" */;
			buildPhases = (
				A97C2BB41E6D67AE00A3D150 /* Sources */,
				A97C2BB51E6D67AE00A3D150 /* Frameworks */,
				A97C2BB61E6D67AE00A3D150 /* Resources */,
			);
			buildRules = (
			);
			dependencies = (
			);
			name = WKWebViewConteoller;
			productName = WKWebViewConteoller;
			productReference = A97C2BB81E6D67AE00A3D150 /* WKWebViewConteoller.app */;
			productType = "com.apple.product-type.application";
		};
/* End PBXNativeTarget section */

/* Begin PBXProject section */
		A97C2BB01E6D67AE00A3D150 /* Project object */ = {
			isa = PBXProject;
			attributes = {
				LastUpgradeCheck = 0830;
				ORGANIZATIONNAME = ylchun;
				TargetAttributes = {
					A97C2BB71E6D67AE00A3D150 = {
						CreatedOnToolsVersion = 8.3;
						DevelopmentTeam = 5ATRCX89M9;
						ProvisioningStyle = Automatic;
					};
				};
			};
			buildConfigurationList = A97C2BB31E6D67AE00A3D150 /* Build configuration list for PBXProject "WKWebViewConteoller" */;
			compatibilityVersion = "Xcode 3.2";
			developmentRegion = English;
			hasScannedForEncodings = 0;
			knownRegions = (
				en,
				Base,
			);
			mainGroup = A97C2BAF1E6D67AE00A3D150;
			productRefGroup = A97C2BB91E6D67AE00A3D150 /* Products */;
			projectDirPath = "";
			projectRoot = "";
			targets = (
				A97C2BB71E6D67AE00A3D150 /* WKWebViewConteoller */,
			);
		};
/* End PBXProject section */

/* Begin PBXResourcesBuildPhase section */
		A97C2BB61E6D67AE00A3D150 /* Resources */ = {
			isa = PBXResourcesBuildPhase;
			buildActionMask = 2147483647;
			files = (
				A97C2BCB1E6D67AE00A3D150 /* LaunchScreen.storyboard in Resources */,
				A97C2BEC1E6D684F00A3D150 /* index.html in Resources */,
				A97C2BC81E6D67AE00A3D150 /* Assets.xcassets in Resources */,
				A918A95A1E74F06B00496283 /* ylchun.jpg in Resources */,
				A918A95C1E7527BD00496283 /* WKWebView 那些坑.htm in Resources */,
				A97C2BC61E6D67AE00A3D150 /* Main.storyboard in Resources */,
			);
			runOnlyForDeploymentPostprocessing = 0;
		};
/* End PBXResourcesBuildPhase section */

/* Begin PBXSourcesBuildPhase section */
		A97C2BB41E6D67AE00A3D150 /* Sources */ = {
			isa = PBXSourcesBuildPhase;
			buildActionMask = 2147483647;
			files = (
				A97C2BDA1E6D67CC00A3D150 /* WKWebView+EvaluatingJavaScript.m in Sources */,
				A96485ED1E71543D00EBC7BF /* ToolSectionItem.m in Sources */,
				A9D2A1581E7286F00007A981 /* EvaluatingJavaScript.m in Sources */,
				A9D2A15F1E72874B0007A981 /* UIBarButtonItem+Back.m in Sources */,
				A96485EE1E71543D00EBC7BF /* ToolItemView.m in Sources */,
				A9D2A15A1E7286F00007A981 /* WebBarView.m in Sources */,
				A9BDE2A71E7788620068E1D1 /* UIApplication+UIOrientation.m in Sources */,
				A97C2BC31E6D67AE00A3D150 /* ViewController.m in Sources */,
				A90EEC981E764F8E00604C8D /* WebKit+Fix.m in Sources */,
				A97C2BC01E6D67AE00A3D150 /* AppDelegate.m in Sources */,
				A9D2A1651E72876F0007A981 /* WebViewController.m in Sources */,
				A9D2A1591E7286F00007A981 /* ScriptMessageHandler.m in Sources */,
				A97C2BD91E6D67CC00A3D150 /* ScriptMessageManager.m in Sources */,
				A97C2BBD1E6D67AE00A3D150 /* main.m in Sources */,
				A9D2A15B1E7286F00007A981 /* WebProcessPlant.m in Sources */,
				A9BDE2C11E78036A0068E1D1 /* OCModel.m in Sources */,
				A9D2A1661E72876F0007A981 /* WebToolViewController.m in Sources */,
				A97C2BDB1E6D67CC00A3D150 /* WKWebViewController.m in Sources */,
				A944584D1E794656004BF475 /* JSExportModelManager.m in Sources */,
				A944584C1E794656004BF475 /* JSExportModel.m in Sources */,
				A96485F11E71543D00EBC7BF /* ToolSectionView.m in Sources */,
				A96485F01E71543D00EBC7BF /* ToolSectionHeaderView.m in Sources */,
				A96485DD1E714BDA00EBC7BF /* ToolViewController.m in Sources */,
				A96485EF1E71543D00EBC7BF /* ToolPanelView.m in Sources */,
				A96485EC1E71543D00EBC7BF /* ToolItem.m in Sources */,
			);
			runOnlyForDeploymentPostprocessing = 0;
		};
/* End PBXSourcesBuildPhase section */

/* Begin PBXVariantGroup section */
		A97C2BC41E6D67AE00A3D150 /* Main.storyboard */ = {
			isa = PBXVariantGroup;
			children = (
				A97C2BC51E6D67AE00A3D150 /* Base */,
			);
			name = Main.storyboard;
			sourceTree = "<group>";
		};
		A97C2BC91E6D67AE00A3D150 /* LaunchScreen.storyboard */ = {
			isa = PBXVariantGroup;
			children = (
				A97C2BCA1E6D67AE00A3D150 /* Base */,
			);
			name = LaunchScreen.storyboard;
			sourceTree = "<group>";
		};
/* End PBXVariantGroup section */

/* Begin XCBuildConfiguration section */
		A97C2BCD1E6D67AE00A3D150 /* Debug */ = {
			isa = XCBuildConfiguration;
			buildSettings = {
				ALWAYS_SEARCH_USER_PATHS = NO;
				CLANG_ANALYZER_NONNULL = YES;
				CLANG_ANALYZER_NUMBER_OBJECT_CONVERSION = YES_AGGRESSIVE;
				CLANG_CXX_LANGUAGE_STANDARD = "gnu++0x";
				CLANG_CXX_LIBRARY = "libc++";
				CLANG_ENABLE_MODULES = YES;
				CLANG_ENABLE_OBJC_ARC = YES;
				CLANG_WARN_BOOL_CONVERSION = YES;
				CLANG_WARN_CONSTANT_CONVERSION = YES;
				CLANG_WARN_DIRECT_OBJC_ISA_USAGE = YES_ERROR;
				CLANG_WARN_DOCUMENTATION_COMMENTS = YES;
				CLANG_WARN_EMPTY_BODY = YES;
				CLANG_WARN_ENUM_CONVERSION = YES;
				CLANG_WARN_INFINITE_RECURSION = YES;
				CLANG_WARN_INT_CONVERSION = YES;
				CLANG_WARN_OBJC_ROOT_CLASS = YES_ERROR;
				CLANG_WARN_SUSPICIOUS_MOVE = YES;
				CLANG_WARN_UNREACHABLE_CODE = YES;
				CLANG_WARN__DUPLICATE_METHOD_MATCH = YES;
				"CODE_SIGN_IDENTITY[sdk=iphoneos*]" = "iPhone Developer";
				COPY_PHASE_STRIP = NO;
				DEBUG_INFORMATION_FORMAT = dwarf;
				ENABLE_STRICT_OBJC_MSGSEND = YES;
				ENABLE_TESTABILITY = YES;
				GCC_C_LANGUAGE_STANDARD = gnu99;
				GCC_DYNAMIC_NO_PIC = NO;
				GCC_NO_COMMON_BLOCKS = YES;
				GCC_OPTIMIZATION_LEVEL = 0;
				GCC_PREPROCESSOR_DEFINITIONS = (
					"DEBUG=1",
					"$(inherited)",
				);
				GCC_WARN_64_TO_32_BIT_CONVERSION = YES;
				GCC_WARN_ABOUT_RETURN_TYPE = YES_ERROR;
				GCC_WARN_UNDECLARED_SELECTOR = YES;
				GCC_WARN_UNINITIALIZED_AUTOS = YES_AGGRESSIVE;
				GCC_WARN_UNUSED_FUNCTION = YES;
				GCC_WARN_UNUSED_VARIABLE = YES;
				IPHONEOS_DEPLOYMENT_TARGET = 8.0;
				MTL_ENABLE_DEBUG_INFO = YES;
				ONLY_ACTIVE_ARCH = YES;
				SDKROOT = iphoneos;
				TARGETED_DEVICE_FAMILY = "1,2";
			};
			name = Debug;
		};
		A97C2BCE1E6D67AE00A3D150 /* Release */ = {
			isa = XCBuildConfiguration;
			buildSettings = {
				ALWAYS_SEARCH_USER_PATHS = NO;
				CLANG_ANALYZER_NONNULL = YES;
				CLANG_ANALYZER_NUMBER_OBJECT_CONVERSION = YES_AGGRESSIVE;
				CLANG_CXX_LANGUAGE_STANDARD = "gnu++0x";
				CLANG_CXX_LIBRARY = "libc++";
				CLANG_ENABLE_MODULES = YES;
				CLANG_ENABLE_OBJC_ARC = YES;
				CLANG_WARN_BOOL_CONVERSION = YES;
				CLANG_WARN_CONSTANT_CONVERSION = YES;
				CLANG_WARN_DIRECT_OBJC_ISA_USAGE = YES_ERROR;
				CLANG_WARN_DOCUMENTATION_COMMENTS = YES;
				CLANG_WARN_EMPTY_BODY = YES;
				CLANG_WARN_ENUM_CONVERSION = YES;
				CLANG_WARN_INFINITE_RECURSION = YES;
				CLANG_WARN_INT_CONVERSION = YES;
				CLANG_WARN_OBJC_ROOT_CLASS = YES_ERROR;
				CLANG_WARN_SUSPICIOUS_MOVE = YES;
				CLANG_WARN_UNREACHABLE_CODE = YES;
				CLANG_WARN__DUPLICATE_METHOD_MATCH = YES;
				"CODE_SIGN_IDENTITY[sdk=iphoneos*]" = "iPhone Developer";
				COPY_PHASE_STRIP = NO;
				DEBUG_INFORMATION_FORMAT = "dwarf-with-dsym";
				ENABLE_NS_ASSERTIONS = NO;
				ENABLE_STRICT_OBJC_MSGSEND = YES;
				GCC_C_LANGUAGE_STANDARD = gnu99;
				GCC_NO_COMMON_BLOCKS = YES;
				GCC_WARN_64_TO_32_BIT_CONVERSION = YES;
				GCC_WARN_ABOUT_RETURN_TYPE = YES_ERROR;
				GCC_WARN_UNDECLARED_SELECTOR = YES;
				GCC_WARN_UNINITIALIZED_AUTOS = YES_AGGRESSIVE;
				GCC_WARN_UNUSED_FUNCTION = YES;
				GCC_WARN_UNUSED_VARIABLE = YES;
				IPHONEOS_DEPLOYMENT_TARGET = 8.0;
				MTL_ENABLE_DEBUG_INFO = NO;
				SDKROOT = iphoneos;
				TARGETED_DEVICE_FAMILY = "1,2";
				VALIDATE_PRODUCT = YES;
			};
			name = Release;
		};
		A97C2BD01E6D67AE00A3D150 /* Debug */ = {
			isa = XCBuildConfiguration;
			buildSettings = {
				ASSETCATALOG_COMPILER_APPICON_NAME = AppIcon;
				DEVELOPMENT_TEAM = 5ATRCX89M9;
				FRAMEWORK_SEARCH_PATHS = (
					"$(inherited)",
					"$(PROJECT_DIR)/WKWebViewConteoller",
				);
				INFOPLIST_FILE = WKWebViewConteoller/Info.plist;
				LD_RUNPATH_SEARCH_PATHS = "$(inherited) @executable_path/Frameworks";
				OTHER_LDFLAGS = "-all_load";
				PRODUCT_BUNDLE_IDENTIFIER = com.ppsports.ylchun.WKWebViewConteoller;
				PRODUCT_NAME = "$(TARGET_NAME)";
			};
			name = Debug;
		};
		A97C2BD11E6D67AE00A3D150 /* Release */ = {
			isa = XCBuildConfiguration;
			buildSettings = {
				ASSETCATALOG_COMPILER_APPICON_NAME = AppIcon;
				DEVELOPMENT_TEAM = 5ATRCX89M9;
				FRAMEWORK_SEARCH_PATHS = (
					"$(inherited)",
					"$(PROJECT_DIR)/WKWebViewConteoller",
				);
				INFOPLIST_FILE = WKWebViewConteoller/Info.plist;
				LD_RUNPATH_SEARCH_PATHS = "$(inherited) @executable_path/Frameworks";
				OTHER_LDFLAGS = "-all_load";
				PRODUCT_BUNDLE_IDENTIFIER = com.ppsports.ylchun.WKWebViewConteoller;
				PRODUCT_NAME = "$(TARGET_NAME)";
			};
			name = Release;
		};
/* End XCBuildConfiguration section */

/* Begin XCConfigurationList section */
		A97C2BB31E6D67AE00A3D150 /* Build configuration list for PBXProject "WKWebViewConteoller" */ = {
			isa = XCConfigurationList;
			buildConfigurations = (
				A97C2BCD1E6D67AE00A3D150 /* Debug */,
				A97C2BCE1E6D67AE00A3D150 /* Release */,
			);
			defaultConfigurationIsVisible = 0;
			defaultConfigurationName = Release;
		};
		A97C2BCF1E6D67AE00A3D150 /* Build configuration list for PBXNativeTarget "WKWebViewConteoller" */ = {
			isa = XCConfigurationList;
			buildConfigurations = (
				A97C2BD01E6D67AE00A3D150 /* Debug */,
				A97C2BD11E6D67AE00A3D150 /* Release */,
			);
			defaultConfigurationIsVisible = 0;
			defaultConfigurationName = Release;
		};
/* End XCConfigurationList section */
	};
	rootObject = A97C2BB01E6D67AE00A3D150 /* Project object */;
}
