// !$*UTF8*$!
{
	archiveVersion = 1;
	classes = {
	};
	objectVersion = 46;
	objects = {

/* Begin PBXBuildFile section */
		A93FD6AE1E7AA44E00C66C2F /* main.m in Sources */ = {isa = PBXBuildFile; fileRef = A93FD6AD1E7AA44E00C66C2F /* main.m */; };
		A93FD6B11E7AA44E00C66C2F /* AppDelegate.m in Sources */ = {isa = PBXBuildFile; fileRef = A93FD6B01E7AA44E00C66C2F /* AppDelegate.m */; };
		A93FD6B41E7AA44E00C66C2F /* ViewController.m in Sources */ = {isa = PBXBuildFile; fileRef = A93FD6B31E7AA44E00C66C2F /* ViewController.m */; };
		A93FD6B71E7AA44E00C66C2F /* Main.storyboard in Resources */ = {isa = PBXBuildFile; fileRef = A93FD6B51E7AA44E00C66C2F /* Main.storyboard */; };
		A93FD6B91E7AA44E00C66C2F /* Assets.xcassets in Resources */ = {isa = PBXBuildFile; fileRef = A93FD6B81E7AA44E00C66C2F /* Assets.xcassets */; };
		A93FD6BC1E7AA44E00C66C2F /* LaunchScreen.storyboard in Resources */ = {isa = PBXBuildFile; fileRef = A93FD6BA1E7AA44E00C66C2F /* LaunchScreen.storyboard */; };
		A93FD6FA1E7AA4B800C66C2F /* UIBarButtonItem+Back.m in Sources */ = {isa = PBXBuildFile; fileRef = A93FD6C51E7AA4B800C66C2F /* UIBarButtonItem+Back.m */; };
		A93FD6FB1E7AA4B800C66C2F /* ToolItem.m in Sources */ = {isa = PBXBuildFile; fileRef = A93FD6CA1E7AA4B800C66C2F /* ToolItem.m */; };
		A93FD6FC1E7AA4B800C66C2F /* ToolSectionItem.m in Sources */ = {isa = PBXBuildFile; fileRef = A93FD6CC1E7AA4B800C66C2F /* ToolSectionItem.m */; };
		A93FD6FD1E7AA4B800C66C2F /* ToolItemView.m in Sources */ = {isa = PBXBuildFile; fileRef = A93FD6CF1E7AA4B800C66C2F /* ToolItemView.m */; };
		A93FD6FE1E7AA4B800C66C2F /* ToolPanelView.m in Sources */ = {isa = PBXBuildFile; fileRef = A93FD6D11E7AA4B800C66C2F /* ToolPanelView.m */; };
		A93FD6FF1E7AA4B800C66C2F /* ToolSectionHeaderView.m in Sources */ = {isa = PBXBuildFile; fileRef = A93FD6D31E7AA4B800C66C2F /* ToolSectionHeaderView.m */; };
		A93FD7001E7AA4B800C66C2F /* ToolSectionView.m in Sources */ = {isa = PBXBuildFile; fileRef = A93FD6D51E7AA4B800C66C2F /* ToolSectionView.m */; };
		A93FD7011E7AA4B800C66C2F /* ToolViewController.m in Sources */ = {isa = PBXBuildFile; fileRef = A93FD6D71E7AA4B800C66C2F /* ToolViewController.m */; };
		A93FD7021E7AA4B800C66C2F /* OCModel.m in Sources */ = {isa = PBXBuildFile; fileRef = A93FD6DA1E7AA4B800C66C2F /* OCModel.m */; };
		A93FD7031E7AA4B800C66C2F /* WebToolViewController.m in Sources */ = {isa = PBXBuildFile; fileRef = A93FD6DC1E7AA4B800C66C2F /* WebToolViewController.m */; };
		A93FD7041E7AA4B800C66C2F /* WebViewController.m in Sources */ = {isa = PBXBuildFile; fileRef = A93FD6DE1E7AA4B800C66C2F /* WebViewController.m */; };
		A93FD7051E7AA4B800C66C2F /* EvaluatingJavaScript.m in Sources */ = {isa = PBXBuildFile; fileRef = A93FD6E21E7AA4B800C66C2F /* EvaluatingJavaScript.m */; };
		A93FD7061E7AA4B800C66C2F /* ScriptMessageHandler.m in Sources */ = {isa = PBXBuildFile; fileRef = A93FD6E41E7AA4B800C66C2F /* ScriptMessageHandler.m */; };
		A93FD7071E7AA4B800C66C2F /* UIApplication+UIOrientation.m in Sources */ = {isa = PBXBuildFile; fileRef = A93FD6E61E7AA4B800C66C2F /* UIApplication+UIOrientation.m */; };
		A93FD7081E7AA4B800C66C2F /* WebBarView.m in Sources */ = {isa = PBXBuildFile; fileRef = A93FD6E81E7AA4B800C66C2F /* WebBarView.m */; };
		A93FD7091E7AA4B800C66C2F /* WebKit+Fix.m in Sources */ = {isa = PBXBuildFile; fileRef = A93FD6EA1E7AA4B800C66C2F /* WebKit+Fix.m */; };
		A93FD70A1E7AA4B800C66C2F /* WebProcessPlant.m in Sources */ = {isa = PBXBuildFile; fileRef = A93FD6EC1E7AA4B800C66C2F /* WebProcessPlant.m */; };
		A93FD70B1E7AA4B800C66C2F /* JSExportModel.m in Sources */ = {isa = PBXBuildFile; fileRef = A93FD6F01E7AA4B800C66C2F /* JSExportModel.m */; };
		A93FD70C1E7AA4B800C66C2F /* JSExportModelManager.m in Sources */ = {isa = PBXBuildFile; fileRef = A93FD6F21E7AA4B800C66C2F /* JSExportModelManager.m */; };
		A93FD70D1E7AA4B800C66C2F /* ScriptMessageManager.m in Sources */ = {isa = PBXBuildFile; fileRef = A93FD6F51E7AA4B800C66C2F /* ScriptMessageManager.m */; };
		A93FD70E1E7AA4B800C66C2F /* WKWebView+EvaluatingJavaScript.m in Sources */ = {isa = PBXBuildFile; fileRef = A93FD6F71E7AA4B800C66C2F /* WKWebView+EvaluatingJavaScript.m */; };
		A93FD70F1E7AA4B800C66C2F /* WKWebViewController.m in Sources */ = {isa = PBXBuildFile; fileRef = A93FD6F91E7AA4B800C66C2F /* WKWebViewController.m */; };
/* End PBXBuildFile section */

/* Begin PBXFileReference section */
		A93FD6A91E7AA44E00C66C2F /* WKWebViewController.app */ = {isa = PBXFileReference; explicitFileType = wrapper.application; includeInIndex = 0; path = WKWebViewController.app; sourceTree = BUILT_PRODUCTS_DIR; };
		A93FD6AD1E7AA44E00C66C2F /* main.m */ = {isa = PBXFileReference; lastKnownFileType = sourcecode.c.objc; path = main.m; sourceTree = "<group>"; };
		A93FD6AF1E7AA44E00C66C2F /* AppDelegate.h */ = {isa = PBXFileReference; lastKnownFileType = sourcecode.c.h; path = AppDelegate.h; sourceTree = "<group>"; };
		A93FD6B01E7AA44E00C66C2F /* AppDelegate.m */ = {isa = PBXFileReference; lastKnownFileType = sourcecode.c.objc; path = AppDelegate.m; sourceTree = "<group>"; };
		A93FD6B21E7AA44E00C66C2F /* ViewController.h */ = {isa = PBXFileReference; lastKnownFileType = sourcecode.c.h; path = ViewController.h; sourceTree = "<group>"; };
		A93FD6B31E7AA44E00C66C2F /* ViewController.m */ = {isa = PBXFileReference; lastKnownFileType = sourcecode.c.objc; path = ViewController.m; sourceTree = "<group>"; };
		A93FD6B61E7AA44E00C66C2F /* Base */ = {isa = PBXFileReference; lastKnownFileType = file.storyboard; name = Base; path = Base.lproj/Main.storyboard; sourceTree = "<group>"; };
		A93FD6B81E7AA44E00C66C2F /* Assets.xcassets */ = {isa = PBXFileReference; lastKnownFileType = folder.assetcatalog; path = Assets.xcassets; sourceTree = "<group>"; };
		A93FD6BB1E7AA44E00C66C2F /* Base */ = {isa = PBXFileReference; lastKnownFileType = file.storyboard; name = Base; path = Base.lproj/LaunchScreen.storyboard; sourceTree = "<group>"; };
		A93FD6BD1E7AA44E00C66C2F /* Info.plist */ = {isa = PBXFileReference; lastKnownFileType = text.plist.xml; path = Info.plist; sourceTree = "<group>"; };
		A93FD6C41E7AA4B800C66C2F /* UIBarButtonItem+Back.h */ = {isa = PBXFileReference; fileEncoding = 4; lastKnownFileType = sourcecode.c.h; path = "UIBarButtonItem+Back.h"; sourceTree = "<group>"; };
		A93FD6C51E7AA4B800C66C2F /* UIBarButtonItem+Back.m */ = {isa = PBXFileReference; fileEncoding = 4; lastKnownFileType = sourcecode.c.objc; path = "UIBarButtonItem+Back.m"; sourceTree = "<group>"; };
		A93FD6C91E7AA4B800C66C2F /* ToolItem.h */ = {isa = PBXFileReference; fileEncoding = 4; lastKnownFileType = sourcecode.c.h; path = ToolItem.h; sourceTree = "<group>"; };
		A93FD6CA1E7AA4B800C66C2F /* ToolItem.m */ = {isa = PBXFileReference; fileEncoding = 4; lastKnownFileType = sourcecode.c.objc; path = ToolItem.m; sourceTree = "<group>"; };
		A93FD6CB1E7AA4B800C66C2F /* ToolSectionItem.h */ = {isa = PBXFileReference; fileEncoding = 4; lastKnownFileType = sourcecode.c.h; path = ToolSectionItem.h; sourceTree = "<group>"; };
		A93FD6CC1E7AA4B800C66C2F /* ToolSectionItem.m */ = {isa = PBXFileReference; fileEncoding = 4; lastKnownFileType = sourcecode.c.objc; path = ToolSectionItem.m; sourceTree = "<group>"; };
		A93FD6CE1E7AA4B800C66C2F /* ToolItemView.h */ = {isa = PBXFileReference; fileEncoding = 4; lastKnownFileType = sourcecode.c.h; path = ToolItemView.h; sourceTree = "<group>"; };
		A93FD6CF1E7AA4B800C66C2F /* ToolItemView.m */ = {isa = PBXFileReference; fileEncoding = 4; lastKnownFileType = sourcecode.c.objc; path = ToolItemView.m; sourceTree = "<group>"; };
		A93FD6D01E7AA4B800C66C2F /* ToolPanelView.h */ = {isa = PBXFileReference; fileEncoding = 4; lastKnownFileType = sourcecode.c.h; path = ToolPanelView.h; sourceTree = "<group>"; };
		A93FD6D11E7AA4B800C66C2F /* ToolPanelView.m */ = {isa = PBXFileReference; fileEncoding = 4; lastKnownFileType = sourcecode.c.objc; path = ToolPanelView.m; sourceTree = "<group>"; };
		A93FD6D21E7AA4B800C66C2F /* ToolSectionHeaderView.h */ = {isa = PBXFileReference; fileEncoding = 4; lastKnownFileType = sourcecode.c.h; path = ToolSectionHeaderView.h; sourceTree = "<group>"; };
		A93FD6D31E7AA4B800C66C2F /* ToolSectionHeaderView.m */ = {isa = PBXFileReference; fileEncoding = 4; lastKnownFileType = sourcecode.c.objc; path = ToolSectionHeaderView.m; sourceTree = "<group>"; };
		A93FD6D41E7AA4B800C66C2F /* ToolSectionView.h */ = {isa = PBXFileReference; fileEncoding = 4; lastKnownFileType = sourcecode.c.h; path = ToolSectionView.h; sourceTree = "<group>"; };
		A93FD6D51E7AA4B800C66C2F /* ToolSectionView.m */ = {isa = PBXFileReference; fileEncoding = 4; lastKnownFileType = sourcecode.c.objc; path = ToolSectionView.m; sourceTree = "<group>"; };
		A93FD6D61E7AA4B800C66C2F /* ToolViewController.h */ = {isa = PBXFileReference; fileEncoding = 4; lastKnownFileType = sourcecode.c.h; path = ToolViewController.h; sourceTree = "<group>"; };
		A93FD6D71E7AA4B800C66C2F /* ToolViewController.m */ = {isa = PBXFileReference; fileEncoding = 4; lastKnownFileType = sourcecode.c.objc; path = ToolViewController.m; sourceTree = "<group>"; };
		A93FD6D91E7AA4B800C66C2F /* OCModel.h */ = {isa = PBXFileReference; fileEncoding = 4; lastKnownFileType = sourcecode.c.h; path = OCModel.h; sourceTree = "<group>"; };
		A93FD6DA1E7AA4B800C66C2F /* OCModel.m */ = {isa = PBXFileReference; fileEncoding = 4; lastKnownFileType = sourcecode.c.objc; path = OCModel.m; sourceTree = "<group>"; };
		A93FD6DB1E7AA4B800C66C2F /* WebToolViewController.h */ = {isa = PBXFileReference; fileEncoding = 4; lastKnownFileType = sourcecode.c.h; path = WebToolViewController.h; sourceTree = "<group>"; };
		A93FD6DC1E7AA4B800C66C2F /* WebToolViewController.m */ = {isa = PBXFileReference; fileEncoding = 4; lastKnownFileType = sourcecode.c.objc; path = WebToolViewController.m; sourceTree = "<group>"; };
		A93FD6DD1E7AA4B800C66C2F /* WebViewController.h */ = {isa = PBXFileReference; fileEncoding = 4; lastKnownFileType = sourcecode.c.h; path = WebViewController.h; sourceTree = "<group>"; };
		A93FD6DE1E7AA4B800C66C2F /* WebViewController.m */ = {isa = PBXFileReference; fileEncoding = 4; lastKnownFileType = sourcecode.c.objc; path = WebViewController.m; sourceTree = "<group>"; };
		A93FD6E11E7AA4B800C66C2F /* EvaluatingJavaScript.h */ = {isa = PBXFileReference; fileEncoding = 4; lastKnownFileType = sourcecode.c.h; path = EvaluatingJavaScript.h; sourceTree = "<group>"; };
		A93FD6E21E7AA4B800C66C2F /* EvaluatingJavaScript.m */ = {isa = PBXFileReference; fileEncoding = 4; lastKnownFileType = sourcecode.c.objc; path = EvaluatingJavaScript.m; sourceTree = "<group>"; };
		A93FD6E31E7AA4B800C66C2F /* ScriptMessageHandler.h */ = {isa = PBXFileReference; fileEncoding = 4; lastKnownFileType = sourcecode.c.h; path = ScriptMessageHandler.h; sourceTree = "<group>"; };
		A93FD6E41E7AA4B800C66C2F /* ScriptMessageHandler.m */ = {isa = PBXFileReference; fileEncoding = 4; lastKnownFileType = sourcecode.c.objc; path = ScriptMessageHandler.m; sourceTree = "<group>"; };
		A93FD6E51E7AA4B800C66C2F /* UIApplication+UIOrientation.h */ = {isa = PBXFileReference; fileEncoding = 4; lastKnownFileType = sourcecode.c.h; path = "UIApplication+UIOrientation.h"; sourceTree = "<group>"; };
		A93FD6E61E7AA4B800C66C2F /* UIApplication+UIOrientation.m */ = {isa = PBXFileReference; fileEncoding = 4; lastKnownFileType = sourcecode.c.objc; path = "UIApplication+UIOrientation.m"; sourceTree = "<group>"; };
		A93FD6E71E7AA4B800C66C2F /* WebBarView.h */ = {isa = PBXFileReference; fileEncoding = 4; lastKnownFileType = sourcecode.c.h; path = WebBarView.h; sourceTree = "<group>"; };
		A93FD6E81E7AA4B800C66C2F /* WebBarView.m */ = {isa = PBXFileReference; fileEncoding = 4; lastKnownFileType = sourcecode.c.objc; path = WebBarView.m; sourceTree = "<group>"; };
		A93FD6E91E7AA4B800C66C2F /* WebKit+Fix.h */ = {isa = PBXFileReference; fileEncoding = 4; lastKnownFileType = sourcecode.c.h; path = "WebKit+Fix.h"; sourceTree = "<group>"; };
		A93FD6EA1E7AA4B800C66C2F /* WebKit+Fix.m */ = {isa = PBXFileReference; fileEncoding = 4; lastKnownFileType = sourcecode.c.objc; path = "WebKit+Fix.m"; sourceTree = "<group>"; };
		A93FD6EB1E7AA4B800C66C2F /* WebProcessPlant.h */ = {isa = PBXFileReference; fileEncoding = 4; lastKnownFileType = sourcecode.c.h; path = WebProcessPlant.h; sourceTree = "<group>"; };
		A93FD6EC1E7AA4B800C66C2F /* WebProcessPlant.m */ = {isa = PBXFileReference; fileEncoding = 4; lastKnownFileType = sourcecode.c.objc; path = WebProcessPlant.m; sourceTree = "<group>"; };
		A93FD6EE1E7AA4B800C66C2F /* JSExport.h */ = {isa = PBXFileReference; fileEncoding = 4; lastKnownFileType = sourcecode.c.h; path = JSExport.h; sourceTree = "<group>"; };
		A93FD6EF1E7AA4B800C66C2F /* JSExportModel.h */ = {isa = PBXFileReference; fileEncoding = 4; lastKnownFileType = sourcecode.c.h; path = JSExportModel.h; sourceTree = "<group>"; };
		A93FD6F01E7AA4B800C66C2F /* JSExportModel.m */ = {isa = PBXFileReference; fileEncoding = 4; lastKnownFileType = sourcecode.c.objc; path = JSExportModel.m; sourceTree = "<group>"; };
		A93FD6F11E7AA4B800C66C2F /* JSExportModelManager.h */ = {isa = PBXFileReference; fileEncoding = 4; lastKnownFileType = sourcecode.c.h; path = JSExportModelManager.h; sourceTree = "<group>"; };
		A93FD6F21E7AA4B800C66C2F /* JSExportModelManager.m */ = {isa = PBXFileReference; fileEncoding = 4; lastKnownFileType = sourcecode.c.objc; path = JSExportModelManager.m; sourceTree = "<group>"; };
		A93FD6F41E7AA4B800C66C2F /* ScriptMessageManager.h */ = {isa = PBXFileReference; fileEncoding = 4; lastKnownFileType = sourcecode.c.h; path = ScriptMessageManager.h; sourceTree = "<group>"; };
		A93FD6F51E7AA4B800C66C2F /* ScriptMessageManager.m */ = {isa = PBXFileReference; fileEncoding = 4; lastKnownFileType = sourcecode.c.objc; path = ScriptMessageManager.m; sourceTree = "<group>"; };
		A93FD6F61E7AA4B800C66C2F /* WKWebView+EvaluatingJavaScript.h */ = {isa = PBXFileReference; fileEncoding = 4; lastKnownFileType = sourcecode.c.h; path = "WKWebView+EvaluatingJavaScript.h"; sourceTree = "<group>"; };
		A93FD6F71E7AA4B800C66C2F /* WKWebView+EvaluatingJavaScript.m */ = {isa = PBXFileReference; fileEncoding = 4; lastKnownFileType = sourcecode.c.objc; path = "WKWebView+EvaluatingJavaScript.m"; sourceTree = "<group>"; };
		A93FD6F81E7AA4B800C66C2F /* WKWebViewController.h */ = {isa = PBXFileReference; fileEncoding = 4; lastKnownFileType = sourcecode.c.h; path = WKWebViewController.h; sourceTree = "<group>"; };
		A93FD6F91E7AA4B800C66C2F /* WKWebViewController.m */ = {isa = PBXFileReference; fileEncoding = 4; lastKnownFileType = sourcecode.c.objc; path = WKWebViewController.m; sourceTree = "<group>"; };
/* End PBXFileReference section */

/* Begin PBXFrameworksBuildPhase section */
		A93FD6A61E7AA44E00C66C2F /* Frameworks */ = {
			isa = PBXFrameworksBuildPhase;
			buildActionMask = 2147483647;
			files = (
			);
			runOnlyForDeploymentPostprocessing = 0;
		};
/* End PBXFrameworksBuildPhase section */

/* Begin PBXGroup section */
		A93FD6A01E7AA44E00C66C2F = {
			isa = PBXGroup;
			children = (
				A93FD6AB1E7AA44E00C66C2F /* WKWebViewController */,
				A93FD6AA1E7AA44E00C66C2F /* Products */,
			);
			sourceTree = "<group>";
		};
		A93FD6AA1E7AA44E00C66C2F /* Products */ = {
			isa = PBXGroup;
			children = (
				A93FD6A91E7AA44E00C66C2F /* WKWebViewController.app */,
			);
			name = Products;
			sourceTree = "<group>";
		};
		A93FD6AB1E7AA44E00C66C2F /* WKWebViewController */ = {
			isa = PBXGroup;
			children = (
				A93FD6C31E7AA4B800C66C2F /* Category */,
				A93FD6C61E7AA4B800C66C2F /* ToolViewController */,
				A93FD6D81E7AA4B800C66C2F /* WebVC */,
				A93FD6DF1E7AA4B800C66C2F /* WKWebViewController */,
				A93FD6AF1E7AA44E00C66C2F /* AppDelegate.h */,
				A93FD6B01E7AA44E00C66C2F /* AppDelegate.m */,
				A93FD6B21E7AA44E00C66C2F /* ViewController.h */,
				A93FD6B31E7AA44E00C66C2F /* ViewController.m */,
				A93FD6B51E7AA44E00C66C2F /* Main.storyboard */,
				A93FD6B81E7AA44E00C66C2F /* Assets.xcassets */,
				A93FD6BA1E7AA44E00C66C2F /* LaunchScreen.storyboard */,
				A93FD6BD1E7AA44E00C66C2F /* Info.plist */,
				A93FD6AC1E7AA44E00C66C2F /* Supporting Files */,
			);
			path = WKWebViewController;
			sourceTree = "<group>";
		};
		A93FD6AC1E7AA44E00C66C2F /* Supporting Files */ = {
			isa = PBXGroup;
			children = (
				A93FD6AD1E7AA44E00C66C2F /* main.m */,
			);
			name = "Supporting Files";
			sourceTree = "<group>";
		};
		A93FD6C31E7AA4B800C66C2F /* Category */ = {
			isa = PBXGroup;
			children = (
				A93FD6C41E7AA4B800C66C2F /* UIBarButtonItem+Back.h */,
				A93FD6C51E7AA4B800C66C2F /* UIBarButtonItem+Back.m */,
			);
			path = Category;
			sourceTree = "<group>";
		};
		A93FD6C61E7AA4B800C66C2F /* ToolViewController */ = {
			isa = PBXGroup;
			children = (
				A93FD6C71E7AA4B800C66C2F /* ToolView */,
				A93FD6D61E7AA4B800C66C2F /* ToolViewController.h */,
				A93FD6D71E7AA4B800C66C2F /* ToolViewController.m */,
			);
			path = ToolViewController;
			sourceTree = "<group>";
		};
		A93FD6C71E7AA4B800C66C2F /* ToolView */ = {
			isa = PBXGroup;
			children = (
				A93FD6C81E7AA4B800C66C2F /* Class */,
				A93FD6CD1E7AA4B800C66C2F /* View */,
			);
			path = ToolView;
			sourceTree = "<group>";
		};
		A93FD6C81E7AA4B800C66C2F /* Class */ = {
			isa = PBXGroup;
			children = (
				A93FD6C91E7AA4B800C66C2F /* ToolItem.h */,
				A93FD6CA1E7AA4B800C66C2F /* ToolItem.m */,
				A93FD6CB1E7AA4B800C66C2F /* ToolSectionItem.h */,
				A93FD6CC1E7AA4B800C66C2F /* ToolSectionItem.m */,
			);
			path = Class;
			sourceTree = "<group>";
		};
		A93FD6CD1E7AA4B800C66C2F /* View */ = {
			isa = PBXGroup;
			children = (
				A93FD6CE1E7AA4B800C66C2F /* ToolItemView.h */,
				A93FD6CF1E7AA4B800C66C2F /* ToolItemView.m */,
				A93FD6D01E7AA4B800C66C2F /* ToolPanelView.h */,
				A93FD6D11E7AA4B800C66C2F /* ToolPanelView.m */,
				A93FD6D21E7AA4B800C66C2F /* ToolSectionHeaderView.h */,
				A93FD6D31E7AA4B800C66C2F /* ToolSectionHeaderView.m */,
				A93FD6D41E7AA4B800C66C2F /* ToolSectionView.h */,
				A93FD6D51E7AA4B800C66C2F /* ToolSectionView.m */,
			);
			path = View;
			sourceTree = "<group>";
		};
		A93FD6D81E7AA4B800C66C2F /* WebVC */ = {
			isa = PBXGroup;
			children = (
				A93FD6D91E7AA4B800C66C2F /* OCModel.h */,
				A93FD6DA1E7AA4B800C66C2F /* OCModel.m */,
				A93FD6DB1E7AA4B800C66C2F /* WebToolViewController.h */,
				A93FD6DC1E7AA4B800C66C2F /* WebToolViewController.m */,
				A93FD6DD1E7AA4B800C66C2F /* WebViewController.h */,
				A93FD6DE1E7AA4B800C66C2F /* WebViewController.m */,
			);
			path = WebVC;
			sourceTree = "<group>";
		};
		A93FD6DF1E7AA4B800C66C2F /* WKWebViewController */ = {
			isa = PBXGroup;
			children = (
				A93FD6E01E7AA4B800C66C2F /* Class */,
				A93FD6ED1E7AA4B800C66C2F /* JSExport */,
				A93FD6F31E7AA4B800C66C2F /* JSExportModel */,
				A93FD6F41E7AA4B800C66C2F /* ScriptMessageManager.h */,
				A93FD6F51E7AA4B800C66C2F /* ScriptMessageManager.m */,
				A93FD6F61E7AA4B800C66C2F /* WKWebView+EvaluatingJavaScript.h */,
				A93FD6F71E7AA4B800C66C2F /* WKWebView+EvaluatingJavaScript.m */,
				A93FD6F81E7AA4B800C66C2F /* WKWebViewController.h */,
				A93FD6F91E7AA4B800C66C2F /* WKWebViewController.m */,
			);
			path = WKWebViewController;
			sourceTree = "<group>";
		};
		A93FD6E01E7AA4B800C66C2F /* Class */ = {
			isa = PBXGroup;
			children = (
				A93FD6E11E7AA4B800C66C2F /* EvaluatingJavaScript.h */,
				A93FD6E21E7AA4B800C66C2F /* EvaluatingJavaScript.m */,
				A93FD6E31E7AA4B800C66C2F /* ScriptMessageHandler.h */,
				A93FD6E41E7AA4B800C66C2F /* ScriptMessageHandler.m */,
				A93FD6E51E7AA4B800C66C2F /* UIApplication+UIOrientation.h */,
				A93FD6E61E7AA4B800C66C2F /* UIApplication+UIOrientation.m */,
				A93FD6E71E7AA4B800C66C2F /* WebBarView.h */,
				A93FD6E81E7AA4B800C66C2F /* WebBarView.m */,
				A93FD6E91E7AA4B800C66C2F /* WebKit+Fix.h */,
				A93FD6EA1E7AA4B800C66C2F /* WebKit+Fix.m */,
				A93FD6EB1E7AA4B800C66C2F /* WebProcessPlant.h */,
				A93FD6EC1E7AA4B800C66C2F /* WebProcessPlant.m */,
			);
			path = Class;
			sourceTree = "<group>";
		};
		A93FD6ED1E7AA4B800C66C2F /* JSExport */ = {
			isa = PBXGroup;
			children = (
				A93FD6EE1E7AA4B800C66C2F /* JSExport.h */,
				A93FD6EF1E7AA4B800C66C2F /* JSExportModel.h */,
				A93FD6F01E7AA4B800C66C2F /* JSExportModel.m */,
				A93FD6F11E7AA4B800C66C2F /* JSExportModelManager.h */,
				A93FD6F21E7AA4B800C66C2F /* JSExportModelManager.m */,
			);
			path = JSExport;
			sourceTree = "<group>";
		};
		A93FD6F31E7AA4B800C66C2F /* JSExportModel */ = {
			isa = PBXGroup;
			children = (
			);
			path = JSExportModel;
			sourceTree = "<group>";
		};
/* End PBXGroup section */

/* Begin PBXNativeTarget section */
		A93FD6A81E7AA44E00C66C2F /* WKWebViewController */ = {
			isa = PBXNativeTarget;
			buildConfigurationList = A93FD6C01E7AA44E00C66C2F /* Build configuration list for PBXNativeTarget "WKWebViewController" */;
			buildPhases = (
				A93FD6A51E7AA44E00C66C2F /* Sources */,
				A93FD6A61E7AA44E00C66C2F /* Frameworks */,
				A93FD6A71E7AA44E00C66C2F /* Resources */,
			);
			buildRules = (
			);
			dependencies = (
			);
			name = WKWebViewController;
			productName = WKWebViewController;
			productReference = A93FD6A91E7AA44E00C66C2F /* WKWebViewController.app */;
			productType = "com.apple.product-type.application";
		};
/* End PBXNativeTarget section */

/* Begin PBXProject section */
		A93FD6A11E7AA44E00C66C2F /* Project object */ = {
			isa = PBXProject;
			attributes = {
				LastUpgradeCheck = 0830;
				ORGANIZATIONNAME = ylchun;
				TargetAttributes = {
					A93FD6A81E7AA44E00C66C2F = {
						CreatedOnToolsVersion = 8.3;
						ProvisioningStyle = Automatic;
					};
				};
			};
			buildConfigurationList = A93FD6A41E7AA44E00C66C2F /* Build configuration list for PBXProject "WKWebViewController" */;
			compatibilityVersion = "Xcode 3.2";
			developmentRegion = English;
			hasScannedForEncodings = 0;
			knownRegions = (
				en,
				Base,
			);
			mainGroup = A93FD6A01E7AA44E00C66C2F;
			productRefGroup = A93FD6AA1E7AA44E00C66C2F /* Products */;
			projectDirPath = "";
			projectRoot = "";
			targets = (
				A93FD6A81E7AA44E00C66C2F /* WKWebViewController */,
			);
		};
/* End PBXProject section */

/* Begin PBXResourcesBuildPhase section */
		A93FD6A71E7AA44E00C66C2F /* Resources */ = {
			isa = PBXResourcesBuildPhase;
			buildActionMask = 2147483647;
			files = (
				A93FD6BC1E7AA44E00C66C2F /* LaunchScreen.storyboard in Resources */,
				A93FD6B91E7AA44E00C66C2F /* Assets.xcassets in Resources */,
				A93FD6B71E7AA44E00C66C2F /* Main.storyboard in Resources */,
			);
			runOnlyForDeploymentPostprocessing = 0;
		};
/* End PBXResourcesBuildPhase section */

/* Begin PBXSourcesBuildPhase section */
		A93FD6A51E7AA44E00C66C2F /* Sources */ = {
			isa = PBXSourcesBuildPhase;
			buildActionMask = 2147483647;
			files = (
				A93FD6B41E7AA44E00C66C2F /* ViewController.m in Sources */,
				A93FD7041E7AA4B800C66C2F /* WebViewController.m in Sources */,
				A93FD6B11E7AA44E00C66C2F /* AppDelegate.m in Sources */,
				A93FD7011E7AA4B800C66C2F /* ToolViewController.m in Sources */,
				A93FD7071E7AA4B800C66C2F /* UIApplication+UIOrientation.m in Sources */,
				A93FD7081E7AA4B800C66C2F /* WebBarView.m in Sources */,
				A93FD70B1E7AA4B800C66C2F /* JSExportModel.m in Sources */,
				A93FD7021E7AA4B800C66C2F /* OCModel.m in Sources */,
				A93FD70C1E7AA4B800C66C2F /* JSExportModelManager.m in Sources */,
				A93FD7001E7AA4B800C66C2F /* ToolSectionView.m in Sources */,
				A93FD70F1E7AA4B800C66C2F /* WKWebViewController.m in Sources */,
				A93FD6FF1E7AA4B800C66C2F /* ToolSectionHeaderView.m in Sources */,
				A93FD6AE1E7AA44E00C66C2F /* main.m in Sources */,
				A93FD6FE1E7AA4B800C66C2F /* ToolPanelView.m in Sources */,
				A93FD7061E7AA4B800C66C2F /* ScriptMessageHandler.m in Sources */,
				A93FD6FB1E7AA4B800C66C2F /* ToolItem.m in Sources */,
				A93FD70D1E7AA4B800C66C2F /* ScriptMessageManager.m in Sources */,
				A93FD70E1E7AA4B800C66C2F /* WKWebView+EvaluatingJavaScript.m in Sources */,
				A93FD6FC1E7AA4B800C66C2F /* ToolSectionItem.m in Sources */,
				A93FD7051E7AA4B800C66C2F /* EvaluatingJavaScript.m in Sources */,
				A93FD6FA1E7AA4B800C66C2F /* UIBarButtonItem+Back.m in Sources */,
				A93FD70A1E7AA4B800C66C2F /* WebProcessPlant.m in Sources */,
				A93FD7031E7AA4B800C66C2F /* WebToolViewController.m in Sources */,
				A93FD6FD1E7AA4B800C66C2F /* ToolItemView.m in Sources */,
				A93FD7091E7AA4B800C66C2F /* WebKit+Fix.m in Sources */,
			);
			runOnlyForDeploymentPostprocessing = 0;
		};
/* End PBXSourcesBuildPhase section */

/* Begin PBXVariantGroup section */
		A93FD6B51E7AA44E00C66C2F /* Main.storyboard */ = {
			isa = PBXVariantGroup;
			children = (
				A93FD6B61E7AA44E00C66C2F /* Base */,
			);
			name = Main.storyboard;
			sourceTree = "<group>";
		};
		A93FD6BA1E7AA44E00C66C2F /* LaunchScreen.storyboard */ = {
			isa = PBXVariantGroup;
			children = (
				A93FD6BB1E7AA44E00C66C2F /* Base */,
			);
			name = LaunchScreen.storyboard;
			sourceTree = "<group>";
		};
/* End PBXVariantGroup section */

/* Begin XCBuildConfiguration section */
		A93FD6BE1E7AA44E00C66C2F /* Debug */ = {
			isa = XCBuildConfiguration;
			buildSettings = {
				ALWAYS_SEARCH_USER_PATHS = NO;
				CLANG_ANALYZER_NONNULL = YES;
				CLANG_ANALYZER_NUMBER_OBJECT_CONVERSION = YES_AGGRESSIVE;
				CLANG_CXX_LANGUAGE_STANDARD = "gnu++0x";
				CLANG_CXX_LIBRARY = "libc++";
				CLANG_ENABLE_MODULES = YES;
				CLANG_ENABLE_OBJC_ARC = YES;
				CLANG_WARN_BOOL_CONVERSION = YES;
				CLANG_WARN_CONSTANT_CONVERSION = YES;
				CLANG_WARN_DIRECT_OBJC_ISA_USAGE = YES_ERROR;
				CLANG_WARN_DOCUMENTATION_COMMENTS = YES;
				CLANG_WARN_EMPTY_BODY = YES;
				CLANG_WARN_ENUM_CONVERSION = YES;
				CLANG_WARN_INFINITE_RECURSION = YES;
				CLANG_WARN_INT_CONVERSION = YES;
				CLANG_WARN_OBJC_ROOT_CLASS = YES_ERROR;
				CLANG_WARN_SUSPICIOUS_MOVE = YES;
				CLANG_WARN_UNREACHABLE_CODE = YES;
				CLANG_WARN__DUPLICATE_METHOD_MATCH = YES;
				"CODE_SIGN_IDENTITY[sdk=iphoneos*]" = "iPhone Developer";
				COPY_PHASE_STRIP = NO;
				DEBUG_INFORMATION_FORMAT = dwarf;
				ENABLE_STRICT_OBJC_MSGSEND = YES;
				ENABLE_TESTABILITY = YES;
				GCC_C_LANGUAGE_STANDARD = gnu99;
				GCC_DYNAMIC_NO_PIC = NO;
				GCC_NO_COMMON_BLOCKS = YES;
				GCC_OPTIMIZATION_LEVEL = 0;
				GCC_PREPROCESSOR_DEFINITIONS = (
					"DEBUG=1",
					"$(inherited)",
				);
				GCC_WARN_64_TO_32_BIT_CONVERSION = YES;
				GCC_WARN_ABOUT_RETURN_TYPE = YES_ERROR;
				GCC_WARN_UNDECLARED_SELECTOR = YES;
				GCC_WARN_UNINITIALIZED_AUTOS = YES_AGGRESSIVE;
				GCC_WARN_UNUSED_FUNCTION = YES;
				GCC_WARN_UNUSED_VARIABLE = YES;
				IPHONEOS_DEPLOYMENT_TARGET = 10.3;
				MTL_ENABLE_DEBUG_INFO = YES;
				ONLY_ACTIVE_ARCH = YES;
				SDKROOT = iphoneos;
				TARGETED_DEVICE_FAMILY = "1,2";
			};
			name = Debug;
		};
		A93FD6BF1E7AA44E00C66C2F /* Release */ = {
			isa = XCBuildConfiguration;
			buildSettings = {
				ALWAYS_SEARCH_USER_PATHS = NO;
				CLANG_ANALYZER_NONNULL = YES;
				CLANG_ANALYZER_NUMBER_OBJECT_CONVERSION = YES_AGGRESSIVE;
				CLANG_CXX_LANGUAGE_STANDARD = "gnu++0x";
				CLANG_CXX_LIBRARY = "libc++";
				CLANG_ENABLE_MODULES = YES;
				CLANG_ENABLE_OBJC_ARC = YES;
				CLANG_WARN_BOOL_CONVERSION = YES;
				CLANG_WARN_CONSTANT_CONVERSION = YES;
				CLANG_WARN_DIRECT_OBJC_ISA_USAGE = YES_ERROR;
				CLANG_WARN_DOCUMENTATION_COMMENTS = YES;
				CLANG_WARN_EMPTY_BODY = YES;
				CLANG_WARN_ENUM_CONVERSION = YES;
				CLANG_WARN_INFINITE_RECURSION = YES;
				CLANG_WARN_INT_CONVERSION = YES;
				CLANG_WARN_OBJC_ROOT_CLASS = YES_ERROR;
				CLANG_WARN_SUSPICIOUS_MOVE = YES;
				CLANG_WARN_UNREACHABLE_CODE = YES;
				CLANG_WARN__DUPLICATE_METHOD_MATCH = YES;
				"CODE_SIGN_IDENTITY[sdk=iphoneos*]" = "iPhone Developer";
				COPY_PHASE_STRIP = NO;
				DEBUG_INFORMATION_FORMAT = "dwarf-with-dsym";
				ENABLE_NS_ASSERTIONS = NO;
				ENABLE_STRICT_OBJC_MSGSEND = YES;
				GCC_C_LANGUAGE_STANDARD = gnu99;
				GCC_NO_COMMON_BLOCKS = YES;
				GCC_WARN_64_TO_32_BIT_CONVERSION = YES;
				GCC_WARN_ABOUT_RETURN_TYPE = YES_ERROR;
				GCC_WARN_UNDECLARED_SELECTOR = YES;
				GCC_WARN_UNINITIALIZED_AUTOS = YES_AGGRESSIVE;
				GCC_WARN_UNUSED_FUNCTION = YES;
				GCC_WARN_UNUSED_VARIABLE = YES;
				IPHONEOS_DEPLOYMENT_TARGET = 10.3;
				MTL_ENABLE_DEBUG_INFO = NO;
				SDKROOT = iphoneos;
				TARGETED_DEVICE_FAMILY = "1,2";
				VALIDATE_PRODUCT = YES;
			};
			name = Release;
		};
		A93FD6C11E7AA44E00C66C2F /* Debug */ = {
			isa = XCBuildConfiguration;
			buildSettings = {
				ASSETCATALOG_COMPILER_APPICON_NAME = AppIcon;
				INFOPLIST_FILE = WKWebViewController/Info.plist;
				LD_RUNPATH_SEARCH_PATHS = "$(inherited) @executable_path/Frameworks";
				PRODUCT_BUNDLE_IDENTIFIER = com.ylchun.WKWebViewController;
				PRODUCT_NAME = "$(TARGET_NAME)";
			};
			name = Debug;
		};
		A93FD6C21E7AA44E00C66C2F /* Release */ = {
			isa = XCBuildConfiguration;
			buildSettings = {
				ASSETCATALOG_COMPILER_APPICON_NAME = AppIcon;
				INFOPLIST_FILE = WKWebViewController/Info.plist;
				LD_RUNPATH_SEARCH_PATHS = "$(inherited) @executable_path/Frameworks";
				PRODUCT_BUNDLE_IDENTIFIER = com.ylchun.WKWebViewController;
				PRODUCT_NAME = "$(TARGET_NAME)";
			};
			name = Release;
		};
/* End XCBuildConfiguration section */

/* Begin XCConfigurationList section */
		A93FD6A41E7AA44E00C66C2F /* Build configuration list for PBXProject "WKWebViewController" */ = {
			isa = XCConfigurationList;
			buildConfigurations = (
				A93FD6BE1E7AA44E00C66C2F /* Debug */,
				A93FD6BF1E7AA44E00C66C2F /* Release */,
			);
			defaultConfigurationIsVisible = 0;
			defaultConfigurationName = Release;
		};
		A93FD6C01E7AA44E00C66C2F /* Build configuration list for PBXNativeTarget "WKWebViewController" */ = {
			isa = XCConfigurationList;
			buildConfigurations = (
				A93FD6C11E7AA44E00C66C2F /* Debug */,
				A93FD6C21E7AA44E00C66C2F /* Release */,
			);
			defaultConfigurationIsVisible = 0;
		};
/* End XCConfigurationList section */
	};
	rootObject = A93FD6A11E7AA44E00C66C2F /* Project object */;
}
